
Microsoft Visual Studio Solution File, Format Version 12.00
# Visual Studio Version 16
VisualStudioVersion = 16.0.30225.117
MinimumVisualStudioVersion = 10.0.40219.1
Project("{FAE04EC0-301F-11D3-BF4B-00C04F79EFBC}") = "Manage.Job", "Manage.Job.csproj", "{C49AC05A-1E83-4B98-BA13-4134C08DBE39}"
EndProject
Global
	GlobalSection(SolutionConfigurationPlatforms) = preSolution
		Debug|Any CPU = Debug|Any CPU
		Release|Any CPU = Release|Any CPU
	EndGlobalSection
	GlobalSection(ProjectConfigurationPlatforms) = postSolution
		{C49AC05A-1E83-4B98-BA13-4134C08DBE39}.Debug|Any CPU.ActiveCfg = Debug|Any CPU
		{C49AC05A-1E83-4B98-BA13-4134C08DBE39}.Debug|Any CPU.Build.0 = Debug|Any CPU
		{C49AC05A-1E83-4B98-BA13-4134C08DBE39}.Release|Any CPU.ActiveCfg = Release|Any CPU
		{C49AC05A-1E83-4B98-BA13-4134C08DBE39}.Release|Any CPU.Build.0 = Release|Any CPU
	EndGlobalSection
	GlobalSection(SolutionProperties) = preSolution
		HideSolutionNode = FALSE
	EndGlobalSection
	GlobalSection(ExtensibilityGlobals) = postSolution
		SolutionGuid = {2F90C2DA-667A-425E-A25F-2BF213AF458D}
	EndGlobalSection
EndGlobal
